
Microsoft Visual Studio Solution File, Format Version 12.00
# Visual Studio Version 17
VisualStudioVersion = 17.5.33627.172
MinimumVisualStudioVersion = 10.0.40219.1
Project("{FAE04EC0-301F-11D3-BF4B-00C04F79EFBC}") = "CS322-Domaci-zadatak-1-Nikola-Lazin-4384", "CS322-Domaci-zadatak-1-Nikola-Lazin-4384\CS322-Domaci-zadatak-1-Nikola-Lazin-4384.csproj", "{79E3FDFC-86B9-44D2-B838-DCA24260244B}"
EndProject
Global
	GlobalSection(SolutionConfigurationPlatforms) = preSolution
		Debug|Any CPU = Debug|Any CPU
		Release|Any CPU = Release|Any CPU
	EndGlobalSection
	GlobalSection(ProjectConfigurationPlatforms) = postSolution
		{79E3FDFC-86B9-44D2-B838-DCA24260244B}.Debug|Any CPU.ActiveCfg = Debug|Any CPU
		{79E3FDFC-86B9-44D2-B838-DCA24260244B}.Debug|Any CPU.Build.0 = Debug|Any CPU
		{79E3FDFC-86B9-44D2-B838-DCA24260244B}.Release|Any CPU.ActiveCfg = Release|Any CPU
		{79E3FDFC-86B9-44D2-B838-DCA24260244B}.Release|Any CPU.Build.0 = Release|Any CPU
	EndGlobalSection
	GlobalSection(SolutionProperties) = preSolution
		HideSolutionNode = FALSE
	EndGlobalSection
	GlobalSection(ExtensibilityGlobals) = postSolution
		SolutionGuid = {49C49DDA-0C27-4440-ABF3-D5A33A0FA0E9}
	EndGlobalSection
EndGlobal
